
Microsoft Visual Studio Solution File, Format Version 12.00
# Visual Studio 2012
Project("{FAE04EC0-301F-11D3-BF4B-00C04F79EFBC}") = "prisonSystem", "prisonSystem\prisonSystem.csproj", "{EF254F3A-463C-4C55-80EB-255DC06C1344}"
EndProject
Global
	GlobalSection(SolutionConfigurationPlatforms) = preSolution
		Debug|Any CPU = Debug|Any CPU
		Release|Any CPU = Release|Any CPU
	EndGlobalSection
	GlobalSection(ProjectConfigurationPlatforms) = postSolution
		{EF254F3A-463C-4C55-80EB-255DC06C1344}.Debug|Any CPU.ActiveCfg = Debug|Any CPU
		{EF254F3A-463C-4C55-80EB-255DC06C1344}.Debug|Any CPU.Build.0 = Debug|Any CPU
		{EF254F3A-463C-4C55-80EB-255DC06C1344}.Release|Any CPU.ActiveCfg = Release|Any CPU
		{EF254F3A-463C-4C55-80EB-255DC06C1344}.Release|Any CPU.Build.0 = Release|Any CPU
	EndGlobalSection
	GlobalSection(SolutionProperties) = preSolution
		HideSolutionNode = FALSE
	EndGlobalSection
EndGlobal
